// !$*UTF8*$!
{
	archiveVersion = 1;
	classes = {
	};
	objectVersion = 50;
	objects = {

/* Begin PBXBuildFile section */
		283F886023545933005549F0 /* AppDelegate.swift in Sources */ = {isa = PBXBuildFile; fileRef = 283F885F23545933005549F0 /* AppDelegate.swift */; };
		283F886223545933005549F0 /* ViewController.swift in Sources */ = {isa = PBXBuildFile; fileRef = 283F886123545933005549F0 /* ViewController.swift */; };
		283F886523545933005549F0 /* Main.storyboard in Resources */ = {isa = PBXBuildFile; fileRef = 283F886323545933005549F0 /* Main.storyboard */; };
		283F886723545937005549F0 /* Assets.xcassets in Resources */ = {isa = PBXBuildFile; fileRef = 283F886623545937005549F0 /* Assets.xcassets */; };
		283F886A23545937005549F0 /* LaunchScreen.storyboard in Resources */ = {isa = PBXBuildFile; fileRef = 283F886823545937005549F0 /* LaunchScreen.storyboard */; };
		283F887523545937005549F0 /* ShareTheMealTestTests.swift in Sources */ = {isa = PBXBuildFile; fileRef = 283F887423545937005549F0 /* ShareTheMealTestTests.swift */; };
/* End PBXBuildFile section */

/* Begin PBXContainerItemProxy section */
		283F887123545937005549F0 /* PBXContainerItemProxy */ = {
			isa = PBXContainerItemProxy;
			containerPortal = 283F885423545933005549F0 /* Project object */;
			proxyType = 1;
			remoteGlobalIDString = 283F885B23545933005549F0;
			remoteInfo = ShareTheMealTest;
		};
/* End PBXContainerItemProxy section */

/* Begin PBXFileReference section */
		283F885C23545933005549F0 /* ShareTheMealTest.app */ = {isa = PBXFileReference; explicitFileType = wrapper.application; includeInIndex = 0; path = ShareTheMealTest.app; sourceTree = BUILT_PRODUCTS_DIR; };
		283F885F23545933005549F0 /* AppDelegate.swift */ = {isa = PBXFileReference; lastKnownFileType = sourcecode.swift; path = AppDelegate.swift; sourceTree = "<group>"; };
		283F886123545933005549F0 /* ViewController.swift */ = {isa = PBXFileReference; lastKnownFileType = sourcecode.swift; path = ViewController.swift; sourceTree = "<group>"; };
		283F886423545933005549F0 /* Base */ = {isa = PBXFileReference; lastKnownFileType = file.storyboard; name = Base; path = Base.lproj/Main.storyboard; sourceTree = "<group>"; };
		283F886623545937005549F0 /* Assets.xcassets */ = {isa = PBXFileReference; lastKnownFileType = folder.assetcatalog; path = Assets.xcassets; sourceTree = "<group>"; };
		283F886923545937005549F0 /* Base */ = {isa = PBXFileReference; lastKnownFileType = file.storyboard; name = Base; path = Base.lproj/LaunchScreen.storyboard; sourceTree = "<group>"; };
		283F886B23545937005549F0 /* Info.plist */ = {isa = PBXFileReference; lastKnownFileType = text.plist.xml; path = Info.plist; sourceTree = "<group>"; };
		283F887023545937005549F0 /* ShareTheMealTestTests.xctest */ = {isa = PBXFileReference; explicitFileType = wrapper.cfbundle; includeInIndex = 0; path = ShareTheMealTestTests.xctest; sourceTree = BUILT_PRODUCTS_DIR; };
		283F887423545937005549F0 /* ShareTheMealTestTests.swift */ = {isa = PBXFileReference; lastKnownFileType = sourcecode.swift; path = ShareTheMealTestTests.swift; sourceTree = "<group>"; };
		283F887623545937005549F0 /* Info.plist */ = {isa = PBXFileReference; lastKnownFileType = text.plist.xml; path = Info.plist; sourceTree = "<group>"; };
/* End PBXFileReference section */

/* Begin PBXFrameworksBuildPhase section */
		283F885923545933005549F0 /* Frameworks */ = {
			isa = PBXFrameworksBuildPhase;
			buildActionMask = 2147483647;
			files = (
			);
			runOnlyForDeploymentPostprocessing = 0;
		};
		283F886D23545937005549F0 /* Frameworks */ = {
			isa = PBXFrameworksBuildPhase;
			buildActionMask = 2147483647;
			files = (
			);
			runOnlyForDeploymentPostprocessing = 0;
		};
/* End PBXFrameworksBuildPhase section */

/* Begin PBXGroup section */
		283F885323545933005549F0 = {
			isa = PBXGroup;
			children = (
				283F885E23545933005549F0 /* ShareTheMealTest */,
				283F887323545937005549F0 /* ShareTheMealTestTests */,
				283F885D23545933005549F0 /* Products */,
			);
			sourceTree = "<group>";
		};
		283F885D23545933005549F0 /* Products */ = {
			isa = PBXGroup;
			children = (
				283F885C23545933005549F0 /* ShareTheMealTest.app */,
				283F887023545937005549F0 /* ShareTheMealTestTests.xctest */,
			);
			name = Products;
			sourceTree = "<group>";
		};
		283F885E23545933005549F0 /* ShareTheMealTest */ = {
			isa = PBXGroup;
			children = (
				283F885F23545933005549F0 /* AppDelegate.swift */,
				283F886123545933005549F0 /* ViewController.swift */,
				283F886323545933005549F0 /* Main.storyboard */,
				283F886623545937005549F0 /* Assets.xcassets */,
				283F886823545937005549F0 /* LaunchScreen.storyboard */,
				283F886B23545937005549F0 /* Info.plist */,
			);
			path = ShareTheMealTest;
			sourceTree = "<group>";
		};
		283F887323545937005549F0 /* ShareTheMealTestTests */ = {
			isa = PBXGroup;
			children = (
				283F887423545937005549F0 /* ShareTheMealTestTests.swift */,
				283F887623545937005549F0 /* Info.plist */,
			);
			path = ShareTheMealTestTests;
			sourceTree = "<group>";
		};
/* End PBXGroup section */

/* Begin PBXNativeTarget section */
		283F885B23545933005549F0 /* ShareTheMealTest */ = {
			isa = PBXNativeTarget;
			buildConfigurationList = 283F887923545937005549F0 /* Build configuration list for PBXNativeTarget "ShareTheMealTest" */;
			buildPhases = (
				283F885823545933005549F0 /* Sources */,
				283F885923545933005549F0 /* Frameworks */,
				283F885A23545933005549F0 /* Resources */,
			);
			buildRules = (
			);
			dependencies = (
			);
			name = ShareTheMealTest;
			productName = ShareTheMealTest;
			productReference = 283F885C23545933005549F0 /* ShareTheMealTest.app */;
			productType = "com.apple.product-type.application";
		};
		283F886F23545937005549F0 /* ShareTheMealTestTests */ = {
			isa = PBXNativeTarget;
			buildConfigurationList = 283F887C23545937005549F0 /* Build configuration list for PBXNativeTarget "ShareTheMealTestTests" */;
			buildPhases = (
				283F886C23545937005549F0 /* Sources */,
				283F886D23545937005549F0 /* Frameworks */,
				283F886E23545937005549F0 /* Resources */,
			);
			buildRules = (
			);
			dependencies = (
				283F887223545937005549F0 /* PBXTargetDependency */,
			);
			name = ShareTheMealTestTests;
			productName = ShareTheMealTestTests;
			productReference = 283F887023545937005549F0 /* ShareTheMealTestTests.xctest */;
			productType = "com.apple.product-type.bundle.unit-test";
		};
/* End PBXNativeTarget section */

/* Begin PBXProject section */
		283F885423545933005549F0 /* Project object */ = {
			isa = PBXProject;
			attributes = {
				LastSwiftUpdateCheck = 1030;
				LastUpgradeCheck = 1030;
				ORGANIZATIONNAME = ShareTheMeal;
				TargetAttributes = {
					283F885B23545933005549F0 = {
						CreatedOnToolsVersion = 10.3;
					};
					283F886F23545937005549F0 = {
						CreatedOnToolsVersion = 10.3;
						TestTargetID = 283F885B23545933005549F0;
					};
				};
			};
			buildConfigurationList = 283F885723545933005549F0 /* Build configuration list for PBXProject "ShareTheMealTest" */;
			compatibilityVersion = "Xcode 9.3";
			developmentRegion = en;
			hasScannedForEncodings = 0;
			knownRegions = (
				en,
				Base,
			);
			mainGroup = 283F885323545933005549F0;
			productRefGroup = 283F885D23545933005549F0 /* Products */;
			projectDirPath = "";
			projectRoot = "";
			targets = (
				283F885B23545933005549F0 /* ShareTheMealTest */,
				283F886F23545937005549F0 /* ShareTheMealTestTests */,
			);
		};
/* End PBXProject section */

/* Begin PBXResourcesBuildPhase section */
		283F885A23545933005549F0 /* Resources */ = {
			isa = PBXResourcesBuildPhase;
			buildActionMask = 2147483647;
			files = (
				283F886A23545937005549F0 /* LaunchScreen.storyboard in Resources */,
				283F886723545937005549F0 /* Assets.xcassets in Resources */,
				283F886523545933005549F0 /* Main.storyboard in Resources */,
			);
			runOnlyForDeploymentPostprocessing = 0;
		};
		283F886E23545937005549F0 /* Resources */ = {
			isa = PBXResourcesBuildPhase;
			buildActionMask = 2147483647;
			files = (
			);
			runOnlyForDeploymentPostprocessing = 0;
		};
/* End PBXResourcesBuildPhase section */

/* Begin PBXSourcesBuildPhase section */
		283F885823545933005549F0 /* Sources */ = {
			isa = PBXSourcesBuildPhase;
			buildActionMask = 2147483647;
			files = (
				283F886223545933005549F0 /* ViewController.swift in Sources */,
				283F886023545933005549F0 /* AppDelegate.swift in Sources */,
			);
			runOnlyForDeploymentPostprocessing = 0;
		};
		283F886C23545937005549F0 /* Sources */ = {
			isa = PBXSourcesBuildPhase;
			buildActionMask = 2147483647;
			files = (
				283F887523545937005549F0 /* ShareTheMealTestTests.swift in Sources */,
			);
			runOnlyForDeploymentPostprocessing = 0;
		};
/* End PBXSourcesBuildPhase section */

/* Begin PBXTargetDependency section */
		283F887223545937005549F0 /* PBXTargetDependency */ = {
			isa = PBXTargetDependency;
			target = 283F885B23545933005549F0 /* ShareTheMealTest */;
			targetProxy = 283F887123545937005549F0 /* PBXContainerItemProxy */;
		};
/* End PBXTargetDependency section */

/* Begin PBXVariantGroup section */
		283F886323545933005549F0 /* Main.storyboard */ = {
			isa = PBXVariantGroup;
			children = (
				283F886423545933005549F0 /* Base */,
			);
			name = Main.storyboard;
			sourceTree = "<group>";
		};
		283F886823545937005549F0 /* LaunchScreen.storyboard */ = {
			isa = PBXVariantGroup;
			children = (
				283F886923545937005549F0 /* Base */,
			);
			name = LaunchScreen.storyboard;
			sourceTree = "<group>";
		};
/* End PBXVariantGroup section */

/* Begin XCBuildConfiguration section */
		283F887723545937005549F0 /* Debug */ = {
			isa = XCBuildConfiguration;
			buildSettings = {
				ALWAYS_SEARCH_USER_PATHS = NO;
				CLANG_ANALYZER_NONNULL = YES;
				CLANG_ANALYZER_NUMBER_OBJECT_CONVERSION = YES_AGGRESSIVE;
				CLANG_CXX_LANGUAGE_STANDARD = "gnu++14";
				CLANG_CXX_LIBRARY = "libc++";
				CLANG_ENABLE_MODULES = YES;
				CLANG_ENABLE_OBJC_ARC = YES;
				CLANG_ENABLE_OBJC_WEAK = YES;
				CLANG_WARN_BLOCK_CAPTURE_AUTORELEASING = YES;
				CLANG_WARN_BOOL_CONVERSION = YES;
				CLANG_WARN_COMMA = YES;
				CLANG_WARN_CONSTANT_CONVERSION = YES;
				CLANG_WARN_DEPRECATED_OBJC_IMPLEMENTATIONS = YES;
				CLANG_WARN_DIRECT_OBJC_ISA_USAGE = YES_ERROR;
				CLANG_WARN_DOCUMENTATION_COMMENTS = YES;
				CLANG_WARN_EMPTY_BODY = YES;
				CLANG_WARN_ENUM_CONVERSION = YES;
				CLANG_WARN_INFINITE_RECURSION = YES;
				CLANG_WARN_INT_CONVERSION = YES;
				CLANG_WARN_NON_LITERAL_NULL_CONVERSION = YES;
				CLANG_WARN_OBJC_IMPLICIT_RETAIN_SELF = YES;
				CLANG_WARN_OBJC_LITERAL_CONVERSION = YES;
				CLANG_WARN_OBJC_ROOT_CLASS = YES_ERROR;
				CLANG_WARN_RANGE_LOOP_ANALYSIS = YES;
				CLANG_WARN_STRICT_PROTOTYPES = YES;
				CLANG_WARN_SUSPICIOUS_MOVE = YES;
				CLANG_WARN_UNGUARDED_AVAILABILITY = YES_AGGRESSIVE;
				CLANG_WARN_UNREACHABLE_CODE = YES;
				CLANG_WARN__DUPLICATE_METHOD_MATCH = YES;
				CODE_SIGN_IDENTITY = "iPhone Developer";
				COPY_PHASE_STRIP = NO;
				DEBUG_INFORMATION_FORMAT = dwarf;
				ENABLE_STRICT_OBJC_MSGSEND = YES;
				ENABLE_TESTABILITY = YES;
				GCC_C_LANGUAGE_STANDARD = gnu11;
				GCC_DYNAMIC_NO_PIC = NO;
				GCC_NO_COMMON_BLOCKS = YES;
				GCC_OPTIMIZATION_LEVEL = 0;
				GCC_PREPROCESSOR_DEFINITIONS = (
					"DEBUG=1",
					"$(inherited)",
				);
				GCC_WARN_64_TO_32_BIT_CONVERSION = YES;
				GCC_WARN_ABOUT_RETURN_TYPE = YES_ERROR;
				GCC_WARN_UNDECLARED_SELECTOR = YES;
				GCC_WARN_UNINITIALIZED_AUTOS = YES_AGGRESSIVE;
				GCC_WARN_UNUSED_FUNCTION = YES;
				GCC_WARN_UNUSED_VARIABLE = YES;
				IPHONEOS_DEPLOYMENT_TARGET = 12.4;
				MTL_ENABLE_DEBUG_INFO = INCLUDE_SOURCE;
				MTL_FAST_MATH = YES;
				ONLY_ACTIVE_ARCH = YES;
				SDKROOT = iphoneos;
				SWIFT_ACTIVE_COMPILATION_CONDITIONS = DEBUG;
				SWIFT_OPTIMIZATION_LEVEL = "-Onone";
			};
			name = Debug;
		};
		283F887823545937005549F0 /* Release */ = {
			isa = XCBuildConfiguration;
			buildSettings = {
				ALWAYS_SEARCH_USER_PATHS = NO;
				CLANG_ANALYZER_NONNULL = YES;
				CLANG_ANALYZER_NUMBER_OBJECT_CONVERSION = YES_AGGRESSIVE;
				CLANG_CXX_LANGUAGE_STANDARD = "gnu++14";
				CLANG_CXX_LIBRARY = "libc++";
				CLANG_ENABLE_MODULES = YES;
				CLANG_ENABLE_OBJC_ARC = YES;
				CLANG_ENABLE_OBJC_WEAK = YES;
				CLANG_WARN_BLOCK_CAPTURE_AUTORELEASING = YES;
				CLANG_WARN_BOOL_CONVERSION = YES;
				CLANG_WARN_COMMA = YES;
				CLANG_WARN_CONSTANT_CONVERSION = YES;
				CLANG_WARN_DEPRECATED_OBJC_IMPLEMENTATIONS = YES;
				CLANG_WARN_DIRECT_OBJC_ISA_USAGE = YES_ERROR;
				CLANG_WARN_DOCUMENTATION_COMMENTS = YES;
				CLANG_WARN_EMPTY_BODY = YES;
				CLANG_WARN_ENUM_CONVERSION = YES;
				CLANG_WARN_INFINITE_RECURSION = YES;
				CLANG_WARN_INT_CONVERSION = YES;
				CLANG_WARN_NON_LITERAL_NULL_CONVERSION = YES;
				CLANG_WARN_OBJC_IMPLICIT_RETAIN_SELF = YES;
				CLANG_WARN_OBJC_LITERAL_CONVERSION = YES;
				CLANG_WARN_OBJC_ROOT_CLASS = YES_ERROR;
				CLANG_WARN_RANGE_LOOP_ANALYSIS = YES;
				CLANG_WARN_STRICT_PROTOTYPES = YES;
				CLANG_WARN_SUSPICIOUS_MOVE = YES;
				CLANG_WARN_UNGUARDED_AVAILABILITY = YES_AGGRESSIVE;
				CLANG_WARN_UNREACHABLE_CODE = YES;
				CLANG_WARN__DUPLICATE_METHOD_MATCH = YES;
				CODE_SIGN_IDENTITY = "iPhone Developer";
				COPY_PHASE_STRIP = NO;
				DEBUG_INFORMATION_FORMAT = "dwarf-with-dsym";
				ENABLE_NS_ASSERTIONS = NO;
				ENABLE_STRICT_OBJC_MSGSEND = YES;
				GCC_C_LANGUAGE_STANDARD = gnu11;
				GCC_NO_COMMON_BLOCKS = YES;
				GCC_WARN_64_TO_32_BIT_CONVERSION = YES;
				GCC_WARN_ABOUT_RETURN_TYPE = YES_ERROR;
				GCC_WARN_UNDECLARED_SELECTOR = YES;
				GCC_WARN_UNINITIALIZED_AUTOS = YES_AGGRESSIVE;
				GCC_WARN_UNUSED_FUNCTION = YES;
				GCC_WARN_UNUSED_VARIABLE = YES;
				IPHONEOS_DEPLOYMENT_TARGET = 12.4;
				MTL_ENABLE_DEBUG_INFO = NO;
				MTL_FAST_MATH = YES;
				SDKROOT = iphoneos;
				SWIFT_COMPILATION_MODE = wholemodule;
				SWIFT_OPTIMIZATION_LEVEL = "-O";
				VALIDATE_PRODUCT = YES;
			};
			name = Release;
		};
		283F887A23545937005549F0 /* Debug */ = {
			isa = XCBuildConfiguration;
			buildSettings = {
				ASSETCATALOG_COMPILER_APPICON_NAME = AppIcon;
				CODE_SIGN_STYLE = Automatic;
				DEVELOPMENT_TEAM = Y6J9M79DH2;
				INFOPLIST_FILE = ShareTheMealTest/Info.plist;
				LD_RUNPATH_SEARCH_PATHS = (
					"$(inherited)",
					"@executable_path/Frameworks",
				);
				PRODUCT_BUNDLE_IDENTIFIER = ShareTheMealTest.ShareTheMealTest;
				PRODUCT_NAME = "$(TARGET_NAME)";
				SWIFT_VERSION = 5.0;
				TARGETED_DEVICE_FAMILY = "1,2";
			};
			name = Debug;
		};
		283F887B23545937005549F0 /* Release */ = {
			isa = XCBuildConfiguration;
			buildSettings = {
				ASSETCATALOG_COMPILER_APPICON_NAME = AppIcon;
				CODE_SIGN_STYLE = Automatic;
				DEVELOPMENT_TEAM = Y6J9M79DH2;
				INFOPLIST_FILE = ShareTheMealTest/Info.plist;
				LD_RUNPATH_SEARCH_PATHS = (
					"$(inherited)",
					"@executable_path/Frameworks",
				);
				PRODUCT_BUNDLE_IDENTIFIER = ShareTheMealTest.ShareTheMealTest;
				PRODUCT_NAME = "$(TARGET_NAME)";
				SWIFT_VERSION = 5.0;
				TARGETED_DEVICE_FAMILY = "1,2";
			};
			name = Release;
		};
		283F887D23545937005549F0 /* Debug */ = {
			isa = XCBuildConfiguration;
			buildSettings = {
				ALWAYS_EMBED_SWIFT_STANDARD_LIBRARIES = YES;
				BUNDLE_LOADER = "$(TEST_HOST)";
				CODE_SIGN_STYLE = Automatic;
				DEVELOPMENT_TEAM = Y6J9M79DH2;
				INFOPLIST_FILE = ShareTheMealTestTests/Info.plist;
				LD_RUNPATH_SEARCH_PATHS = (
					"$(inherited)",
					"@executable_path/Frameworks",
					"@loader_path/Frameworks",
				);
				PRODUCT_BUNDLE_IDENTIFIER = ShareTheMealTest.ShareTheMealTestTests;
				PRODUCT_NAME = "$(TARGET_NAME)";
				SWIFT_VERSION = 5.0;
				TARGETED_DEVICE_FAMILY = "1,2";
				TEST_HOST = "$(BUILT_PRODUCTS_DIR)/ShareTheMealTest.app/ShareTheMealTest";
			};
			name = Debug;
		};
		283F887E23545937005549F0 /* Release */ = {
			isa = XCBuildConfiguration;
			buildSettings = {
				ALWAYS_EMBED_SWIFT_STANDARD_LIBRARIES = YES;
				BUNDLE_LOADER = "$(TEST_HOST)";
				CODE_SIGN_STYLE = Automatic;
				DEVELOPMENT_TEAM = Y6J9M79DH2;
				INFOPLIST_FILE = ShareTheMealTestTests/Info.plist;
				LD_RUNPATH_SEARCH_PATHS = (
					"$(inherited)",
					"@executable_path/Frameworks",
					"@loader_path/Frameworks",
				);
				PRODUCT_BUNDLE_IDENTIFIER = ShareTheMealTest.ShareTheMealTestTests;
				PRODUCT_NAME = "$(TARGET_NAME)";
				SWIFT_VERSION = 5.0;
				TARGETED_DEVICE_FAMILY = "1,2";
				TEST_HOST = "$(BUILT_PRODUCTS_DIR)/ShareTheMealTest.app/ShareTheMealTest";
			};
			name = Release;
		};
/* End XCBuildConfiguration section */

/* Begin XCConfigurationList section */
		283F885723545933005549F0 /* Build configuration list for PBXProject "ShareTheMealTest" */ = {
			isa = XCConfigurationList;
			buildConfigurations = (
				283F887723545937005549F0 /* Debug */,
				283F887823545937005549F0 /* Release */,
			);
			defaultConfigurationIsVisible = 0;
			defaultConfigurationName = Release;
		};
		283F887923545937005549F0 /* Build configuration list for PBXNativeTarget "ShareTheMealTest" */ = {
			isa = XCConfigurationList;
			buildConfigurations = (
				283F887A23545937005549F0 /* Debug */,
				283F887B23545937005549F0 /* Release */,
			);
			defaultConfigurationIsVisible = 0;
			defaultConfigurationName = Release;
		};
		283F887C23545937005549F0 /* Build configuration list for PBXNativeTarget "ShareTheMealTestTests" */ = {
			isa = XCConfigurationList;
			buildConfigurations = (
				283F887D23545937005549F0 /* Debug */,
				283F887E23545937005549F0 /* Release */,
			);
			defaultConfigurationIsVisible = 0;
			defaultConfigurationName = Release;
		};
/* End XCConfigurationList section */
	};
	rootObject = 283F885423545933005549F0 /* Project object */;
}
